{
  "lockfile_version": "1",
  "packages": {
    "github:NixOS/nixpkgs/nixpkgs-unstable": {
      "last_modified": "2025-09-25T01:21:52Z",
      "resolved": "github:NixOS/nixpkgs/e57b3b16ad8758fd681511a078f35c416a8cc939?lastModified=1758763312&narHash=sha256-puBMviZhYlqOdUUgEmMVJpXqC%2FToEqSvkyZ30qQ09xM%3D"
    },
    "prettier@3.9.6": {
      "last_modified": "2026-09-30T11:58:46Z",
      "resolved": "github:NixOS/nixpkgs/c9fe7d12cd78d1adcd12dd15e24432dde5b155a0#prettier",
      "source": "devbox-search",
      "version": "3.9.6",
      "systems": {
        "aarch64-darwin": {
          "outputs": [
            {
              "name": "out",
              "path": "/nix/store/qj1ry3wqg58ii430rm94g76xr4v9q9qf-prettier-3.9.6",
              "default": true
            }
          ],
          "store_path": "/nix/store/qj1ry3wqg58ii430rm94g76xr4v9q9qf-prettier-3.9.6"
        },
        "aarch64-linux": {
          "outputs": [
            {
              "name": "out",
              "path": "/nix/store/z2yhxh3iivkb6nfiylm182yp3j3jcn1p-prettier-3.9.6",
              "default": true
            }
          ],
          "store_path": "/nix/store/z2yhxh3iivkb6nfiylm182yp3j3jcn1p-prettier-3.9.6"
        },
        "x86_64-linux": {
          "outputs": [
            {
              "name": "out",
              "path": "/nix/store/90m2czyb98c3kwcaplbs9xghf0zqh75z-prettier-3.9.6",
              "default": true
            }
          ],
          "store_path": "/nix/store/90m2czyb98c3kwcaplbs9xghf0zqh75z-prettier-3.9.6"
        }
      }
    }
  }
}
