{
  "lockfile_version": "1",
  "packages": {
    "github:NixOS/nixpkgs/nixpkgs-unstable": {
      "last_modified": "2025-09-25T01:21:52Z",
      "resolved": "github:NixOS/nixpkgs/e57b3b16ad8758fd681511a078f35c416a8cc939?lastModified=1758763312&narHash=sha256-puBMviZhYlqOdUUgEmMVJpXqC%2FToEqSvkyZ30qQ09xM%3D"
    },
    "prettier@3.9.6": {
      "last_modified": "2026-09-26T02:47:14Z",
      "resolved": "github:NixOS/nixpkgs/d54020a6ac3211e9f4201631bdf67678818c0cdf#prettier",
      "source": "devbox-search",
      "version": "3.9.6",
      "systems": {
        "aarch64-darwin": {
          "outputs": [
            {
              "name": "out",
              "path": "/nix/store/zsr9ldpb1xl8a230i2xsi5ghqnyz7wfc-prettier-3.9.6",
              "default": true
            }
          ],
          "store_path": "/nix/store/zsr9ldpb1xl8a230i2xsi5ghqnyz7wfc-prettier-3.9.6"
        },
        "aarch64-linux": {
          "outputs": [
            {
              "name": "out",
              "path": "/nix/store/s1rg19kjzsg6bhdh77l00lf664nq6470-prettier-3.9.6",
              "default": true
            }
          ],
          "store_path": "/nix/store/s1rg19kjzsg6bhdh77l00lf664nq6470-prettier-3.9.6"
        },
        "x86_64-linux": {
          "outputs": [
            {
              "name": "out",
              "path": "/nix/store/lc479s2c4bbwaryyn8mfr8xb0w0nzs6z-prettier-3.9.6",
              "default": true
            }
          ],
          "store_path": "/nix/store/lc479s2c4bbwaryyn8mfr8xb0w0nzs6z-prettier-3.9.6"
        }
      }
    }
  }
}
