{
  "lockfile_version": "1",
  "packages": {
    "cargo-component@0.21.1": {
      "last_modified": "2025-07-28T17:09:23Z",
      "resolved": "github:NixOS/nixpkgs/648f70160c03151bc2121d179291337ad6bc564b#cargo-component",
      "source": "devbox-search",
      "version": "0.21.1",
      "systems": {
        "aarch64-darwin": {
          "outputs": [
            {
              "name": "out",
              "path": "/nix/store/9bw43gf5s2hjh42zzpgbvq3bjw3ycwr5-cargo-component-0.21.1",
              "default": true
            }
          ],
          "store_path": "/nix/store/9bw43gf5s2hjh42zzpgbvq3bjw3ycwr5-cargo-component-0.21.1"
        },
        "aarch64-linux": {
          "outputs": [
            {
              "name": "out",
              "path": "/nix/store/3n80s3j2i1hkh6660rpqdpssx612w5l2-cargo-component-0.21.1",
              "default": true
            }
          ],
          "store_path": "/nix/store/3n80s3j2i1hkh6660rpqdpssx612w5l2-cargo-component-0.21.1"
        },
        "x86_64-darwin": {
          "outputs": [
            {
              "name": "out",
              "path": "/nix/store/9xnknj1pjvkn7hzx53hah4440f7rzcqq-cargo-component-0.21.1",
              "default": true
            }
          ],
          "store_path": "/nix/store/9xnknj1pjvkn7hzx53hah4440f7rzcqq-cargo-component-0.21.1"
        },
        "x86_64-linux": {
          "outputs": [
            {
              "name": "out",
              "path": "/nix/store/a8qxwga4rk9mbah0zraxi422i0zslni8-cargo-component-0.21.1",
              "default": true
            }
          ],
          "store_path": "/nix/store/a8qxwga4rk9mbah0zraxi422i0zslni8-cargo-component-0.21.1"
        }
      }
    },
    "cargo@1.91.1": {
      "last_modified": "2025-12-31T03:27:36Z",
      "resolved": "github:NixOS/nixpkgs/f665af0cdb70ed27e1bd8f9fdfecaf451260fc55#cargo",
      "source": "devbox-search",
      "version": "1.91.1",
      "systems": {
        "aarch64-darwin": {
          "outputs": [
            {
              "name": "out",
              "path": "/nix/store/cqggkkzy67afdy26s64nddzhq048awjc-cargo-1.91.1",
              "default": true
            }
          ],
          "store_path": "/nix/store/cqggkkzy67afdy26s64nddzhq048awjc-cargo-1.91.1"
        },
        "aarch64-linux": {
          "outputs": [
            {
              "name": "out",
              "path": "/nix/store/fkzkn31qravdf6gn93f1gbi7rwvyk344-cargo-1.91.1",
              "default": true
            }
          ],
          "store_path": "/nix/store/fkzkn31qravdf6gn93f1gbi7rwvyk344-cargo-1.91.1"
        },
        "x86_64-darwin": {
          "outputs": [
            {
              "name": "out",
              "path": "/nix/store/7xj3lfil8b90a9mppfn6fs038xbhfq0b-cargo-1.91.1",
              "default": true
            }
          ],
          "store_path": "/nix/store/7xj3lfil8b90a9mppfn6fs038xbhfq0b-cargo-1.91.1"
        },
        "x86_64-linux": {
          "outputs": [
            {
              "name": "out",
              "path": "/nix/store/9db7xb1axdgqp4lakdxbp27yh7kfvm0b-cargo-1.91.1",
              "default": true
            }
          ],
          "store_path": "/nix/store/9db7xb1axdgqp4lakdxbp27yh7kfvm0b-cargo-1.91.1"
        }
      }
    },
    "github:NixOS/nixpkgs/nixpkgs-unstable": {
      "last_modified": "2025-08-21T00:30:53Z",
      "resolved": "github:NixOS/nixpkgs/596312aae91421d6923f18cecce934a7d3bfd6b8?lastModified=1755736253&narHash=sha256-jlIQRypNhB1PcB1BE%2BexpE4xZeJxzoAGr1iUbHQta8s%3D"
    },
    "python@3.14": {
      "last_modified": "2025-07-28T17:09:23Z",
      "plugin_version": "0.0.4",
      "resolved": "github:NixOS/nixpkgs/648f70160c03151bc2121d179291337ad6bc564b#python314",
      "source": "devbox-search",
      "version": "3.14.0rc1",
      "systems": {
        "aarch64-darwin": {
          "outputs": [
            {
              "name": "out",
              "path": "/nix/store/lfjgfipyyiaj3147b2m4w3a55x5zd8wm-python3-3.14.0rc1",
              "default": true
            }
          ],
          "store_path": "/nix/store/lfjgfipyyiaj3147b2m4w3a55x5zd8wm-python3-3.14.0rc1"
        },
        "aarch64-linux": {
          "outputs": [
            {
              "name": "out",
              "path": "/nix/store/81xgd4jyybw47zpcqzdvk292y19nfmqq-python3-3.14.0rc1",
              "default": true
            },
            {
              "name": "debug",
              "path": "/nix/store/g4fibxpsgi6x1pddv1ixfaial519m13k-python3-3.14.0rc1-debug"
            }
          ],
          "store_path": "/nix/store/81xgd4jyybw47zpcqzdvk292y19nfmqq-python3-3.14.0rc1"
        },
        "x86_64-darwin": {
          "outputs": [
            {
              "name": "out",
              "path": "/nix/store/40f4an8xd6dkm71znmxx8msiyxd2h4b1-python3-3.14.0rc1",
              "default": true
            }
          ],
          "store_path": "/nix/store/40f4an8xd6dkm71znmxx8msiyxd2h4b1-python3-3.14.0rc1"
        },
        "x86_64-linux": {
          "outputs": [
            {
              "name": "out",
              "path": "/nix/store/xx9604kfnk5kjbviri7g5irnihpl5h9q-python3-3.14.0rc1",
              "default": true
            },
            {
              "name": "debug",
              "path": "/nix/store/cx69lz4jw6lh0v3n0j4imkiggzb1q7cg-python3-3.14.0rc1-debug"
            }
          ],
          "store_path": "/nix/store/xx9604kfnk5kjbviri7g5irnihpl5h9q-python3-3.14.0rc1"
        }
      }
    },
    "rustup@1.28.2": {
      "last_modified": "2025-07-28T17:09:23Z",
      "plugin_version": "0.0.1",
      "resolved": "github:NixOS/nixpkgs/648f70160c03151bc2121d179291337ad6bc564b#rustup",
      "source": "devbox-search",
      "version": "1.28.2",
      "systems": {
        "aarch64-darwin": {
          "outputs": [
            {
              "name": "out",
              "path": "/nix/store/fhz4c3pawxqklssimadm9gp5jfagfl8v-rustup-1.28.2",
              "default": true
            }
          ],
          "store_path": "/nix/store/fhz4c3pawxqklssimadm9gp5jfagfl8v-rustup-1.28.2"
        },
        "aarch64-linux": {
          "outputs": [
            {
              "name": "out",
              "path": "/nix/store/0z156naqlk96m681ns9jji0pw4vwqxq9-rustup-1.28.2",
              "default": true
            }
          ],
          "store_path": "/nix/store/0z156naqlk96m681ns9jji0pw4vwqxq9-rustup-1.28.2"
        },
        "x86_64-darwin": {
          "outputs": [
            {
              "name": "out",
              "path": "/nix/store/2zgwgadb3q97mcia0w2z643y17ifpjkz-rustup-1.28.2",
              "default": true
            }
          ],
          "store_path": "/nix/store/2zgwgadb3q97mcia0w2z643y17ifpjkz-rustup-1.28.2"
        },
        "x86_64-linux": {
          "outputs": [
            {
              "name": "out",
              "path": "/nix/store/4z7n3dky3wmx7130rid6c67ra1ipqhn1-rustup-1.28.2",
              "default": true
            }
          ],
          "store_path": "/nix/store/4z7n3dky3wmx7130rid6c67ra1ipqhn1-rustup-1.28.2"
        }
      }
    },
    "uv@0.9.26": {
      "last_modified": "2026-01-19T00:39:23Z",
      "resolved": "github:NixOS/nixpkgs/bde09022887110deb780067364a0818e89258968#uv",
      "source": "devbox-search",
      "version": "0.9.26",
      "systems": {
        "aarch64-darwin": {
          "outputs": [
            {
              "name": "out",
              "path": "/nix/store/991jgkc1kpg7w14l8bmc20yyp7hnwamd-uv-0.9.26",
              "default": true
            }
          ],
          "store_path": "/nix/store/991jgkc1kpg7w14l8bmc20yyp7hnwamd-uv-0.9.26"
        },
        "aarch64-linux": {
          "outputs": [
            {
              "name": "out",
              "path": "/nix/store/y35q55agb16ydq6496s01mqmjwrgqgk6-uv-0.9.26",
              "default": true
            }
          ],
          "store_path": "/nix/store/y35q55agb16ydq6496s01mqmjwrgqgk6-uv-0.9.26"
        },
        "x86_64-darwin": {
          "outputs": [
            {
              "name": "out",
              "path": "/nix/store/d4i7k54k1sk7f6wnsq31700j6mfch39q-uv-0.9.26",
              "default": true
            }
          ],
          "store_path": "/nix/store/d4i7k54k1sk7f6wnsq31700j6mfch39q-uv-0.9.26"
        },
        "x86_64-linux": {
          "outputs": [
            {
              "name": "out",
              "path": "/nix/store/arj23552j8w9k5wqhbs1gn2m4pd7skbm-uv-0.9.26",
              "default": true
            }
          ],
          "store_path": "/nix/store/arj23552j8w9k5wqhbs1gn2m4pd7skbm-uv-0.9.26"
        }
      }
    },
    "wac-cli@latest": {
      "last_modified": "2025-07-28T17:09:23Z",
      "resolved": "github:NixOS/nixpkgs/648f70160c03151bc2121d179291337ad6bc564b#wac-cli",
      "source": "devbox-search",
      "systems": {
        "aarch64-darwin": {
          "outputs": [
            {
              "name": "out",
              "path": "/nix/store/lma35vsamm1kyy1bqz8dhwmfsypy3gsj-wac-cli",
              "default": true
            }
          ],
          "store_path": "/nix/store/lma35vsamm1kyy1bqz8dhwmfsypy3gsj-wac-cli"
        },
        "aarch64-linux": {
          "outputs": [
            {
              "name": "out",
              "path": "/nix/store/s6hmh9rr62al9fy607im590v1zc0b35n-wac-cli",
              "default": true
            }
          ],
          "store_path": "/nix/store/s6hmh9rr62al9fy607im590v1zc0b35n-wac-cli"
        },
        "x86_64-darwin": {
          "outputs": [
            {
              "name": "out",
              "path": "/nix/store/b9ybdi7xwv288686nayjm3dh1qy2v4m6-wac-cli",
              "default": true
            }
          ],
          "store_path": "/nix/store/b9ybdi7xwv288686nayjm3dh1qy2v4m6-wac-cli"
        },
        "x86_64-linux": {
          "outputs": [
            {
              "name": "out",
              "path": "/nix/store/rdqlg3nsn38l4jc4aac22rpf30ygcqqb-wac-cli",
              "default": true
            }
          ],
          "store_path": "/nix/store/rdqlg3nsn38l4jc4aac22rpf30ygcqqb-wac-cli"
        }
      }
    },
    "wasm-tools@1.244.0": {
      "last_modified": "2026-01-09T13:41:53Z",
      "resolved": "github:NixOS/nixpkgs/5f02c91314c8ba4afe83b256b023756412218535#wasm-tools",
      "source": "devbox-search",
      "version": "1.244.0",
      "systems": {
        "aarch64-darwin": {
          "outputs": [
            {
              "name": "out",
              "path": "/nix/store/hg4gsibrv7fb6d2y5ahjzsry1dkqqvis-wasm-tools-1.244.0",
              "default": true
            }
          ],
          "store_path": "/nix/store/hg4gsibrv7fb6d2y5ahjzsry1dkqqvis-wasm-tools-1.244.0"
        },
        "aarch64-linux": {
          "outputs": [
            {
              "name": "out",
              "path": "/nix/store/f2aq7sg4wzqm38vhb0ij6jzzsmqpbjps-wasm-tools-1.244.0",
              "default": true
            }
          ],
          "store_path": "/nix/store/f2aq7sg4wzqm38vhb0ij6jzzsmqpbjps-wasm-tools-1.244.0"
        },
        "x86_64-darwin": {
          "outputs": [
            {
              "name": "out",
              "path": "/nix/store/8yp26892nbx5n4drda603xcjh1qdmv28-wasm-tools-1.244.0",
              "default": true
            }
          ],
          "store_path": "/nix/store/8yp26892nbx5n4drda603xcjh1qdmv28-wasm-tools-1.244.0"
        },
        "x86_64-linux": {
          "outputs": [
            {
              "name": "out",
              "path": "/nix/store/kq4mhk7yxh6fhv0n5z2a5nsvg87yhxh6-wasm-tools-1.244.0",
              "default": true
            }
          ],
          "store_path": "/nix/store/kq4mhk7yxh6fhv0n5z2a5nsvg87yhxh6-wasm-tools-1.244.0"
        }
      }
    },
    "wasmtime@39.0.1": {
      "last_modified": "2025-12-02T02:29:13Z",
      "resolved": "github:NixOS/nixpkgs/f720de59066162ee879adcc8c79e15c51fe6bfb4#wasmtime",
      "source": "devbox-search",
      "version": "39.0.1",
      "systems": {
        "aarch64-darwin": {
          "outputs": [
            {
              "name": "out",
              "path": "/nix/store/cn8qcqksr1556m5430xaq3yv8gibgcj9-wasmtime-39.0.1",
              "default": true
            },
            {
              "name": "dev",
              "path": "/nix/store/kzpc534pspzdpf0hc7kbc2zh7wz8s09f-wasmtime-39.0.1-dev"
            },
            {
              "name": "lib",
              "path": "/nix/store/60dp63nd14910rnx8yipgn3987b5ik1l-wasmtime-39.0.1-lib"
            }
          ],
          "store_path": "/nix/store/cn8qcqksr1556m5430xaq3yv8gibgcj9-wasmtime-39.0.1"
        },
        "aarch64-linux": {
          "outputs": [
            {
              "name": "out",
              "path": "/nix/store/6g4cyd3wh7d4s03qfrxz2r98n8vwmczk-wasmtime-39.0.1",
              "default": true
            },
            {
              "name": "dev",
              "path": "/nix/store/jgcx1gw16dcl17nbhir442l9lq3m6cm1-wasmtime-39.0.1-dev"
            },
            {
              "name": "lib",
              "path": "/nix/store/k87zyvg64wffqayw4jzpzsb8wbh90pcc-wasmtime-39.0.1-lib"
            }
          ],
          "store_path": "/nix/store/6g4cyd3wh7d4s03qfrxz2r98n8vwmczk-wasmtime-39.0.1"
        },
        "x86_64-darwin": {
          "outputs": [
            {
              "name": "out",
              "path": "/nix/store/zqhf6v74hhy5c0jgx42ry7qfnykf74vc-wasmtime-39.0.1",
              "default": true
            },
            {
              "name": "dev",
              "path": "/nix/store/akwddybn2c53zv4z3kk4jry5kx1mnz5n-wasmtime-39.0.1-dev"
            },
            {
              "name": "lib",
              "path": "/nix/store/zgnszl6zcgz28hpal728dskvnvd6scpc-wasmtime-39.0.1-lib"
            }
          ],
          "store_path": "/nix/store/zqhf6v74hhy5c0jgx42ry7qfnykf74vc-wasmtime-39.0.1"
        },
        "x86_64-linux": {
          "outputs": [
            {
              "name": "out",
              "path": "/nix/store/4jcq2qrgq6h73zgfsgg6zpqs6dfbgy2f-wasmtime-39.0.1",
              "default": true
            },
            {
              "name": "dev",
              "path": "/nix/store/zlqnp4shidm2h5ywbj2a8lvmg7m5ygx1-wasmtime-39.0.1-dev"
            },
            {
              "name": "lib",
              "path": "/nix/store/ag980akl3wwm6gaq5pzqkh1pxhm6740h-wasmtime-39.0.1-lib"
            }
          ],
          "store_path": "/nix/store/4jcq2qrgq6h73zgfsgg6zpqs6dfbgy2f-wasmtime-39.0.1"
        }
      }
    }
  }
}
