{
  "lockfile_version": "1",
  "packages": {
    "cargo-component@0.21.1": {
      "last_modified": "2025-07-28T17:09:23Z",
      "resolved": "github:NixOS/nixpkgs/648f70160c03151bc2121d179291337ad6bc564b#cargo-component",
      "source": "devbox-search",
      "version": "0.21.1",
      "systems": {
        "aarch64-darwin": {
          "outputs": [
            {
              "name": "out",
              "path": "/nix/store/9bw43gf5s2hjh42zzpgbvq3bjw3ycwr5-cargo-component-0.21.1",
              "default": true
            }
          ],
          "store_path": "/nix/store/9bw43gf5s2hjh42zzpgbvq3bjw3ycwr5-cargo-component-0.21.1"
        },
        "aarch64-linux": {
          "outputs": [
            {
              "name": "out",
              "path": "/nix/store/3n80s3j2i1hkh6660rpqdpssx612w5l2-cargo-component-0.21.1",
              "default": true
            }
          ],
          "store_path": "/nix/store/3n80s3j2i1hkh6660rpqdpssx612w5l2-cargo-component-0.21.1"
        },
        "x86_64-darwin": {
          "outputs": [
            {
              "name": "out",
              "path": "/nix/store/9xnknj1pjvkn7hzx53hah4440f7rzcqq-cargo-component-0.21.1",
              "default": true
            }
          ],
          "store_path": "/nix/store/9xnknj1pjvkn7hzx53hah4440f7rzcqq-cargo-component-0.21.1"
        },
        "x86_64-linux": {
          "outputs": [
            {
              "name": "out",
              "path": "/nix/store/a8qxwga4rk9mbah0zraxi422i0zslni8-cargo-component-0.21.1",
              "default": true
            }
          ],
          "store_path": "/nix/store/a8qxwga4rk9mbah0zraxi422i0zslni8-cargo-component-0.21.1"
        }
      }
    },
    "cargo@1.89.0": {
      "last_modified": "2025-09-18T16:33:27Z",
      "resolved": "github:NixOS/nixpkgs/f4b140d5b253f5e2a1ff4e5506edbf8267724bde#cargo",
      "source": "devbox-search",
      "version": "1.89.0",
      "systems": {
        "aarch64-darwin": {
          "outputs": [
            {
              "name": "out",
              "path": "/nix/store/gzv6psv17kv7x9s01w8jhi0h2cg6z15p-cargo-1.89.0",
              "default": true
            }
          ],
          "store_path": "/nix/store/gzv6psv17kv7x9s01w8jhi0h2cg6z15p-cargo-1.89.0"
        },
        "aarch64-linux": {
          "outputs": [
            {
              "name": "out",
              "path": "/nix/store/ahyjafkgyn6zji9qlvv92z8gxmcmaky4-cargo-1.89.0",
              "default": true
            }
          ],
          "store_path": "/nix/store/ahyjafkgyn6zji9qlvv92z8gxmcmaky4-cargo-1.89.0"
        },
        "x86_64-darwin": {
          "outputs": [
            {
              "name": "out",
              "path": "/nix/store/2a5rg88c4kc4mzjbbyah89c2hhyzjjp6-cargo-1.89.0",
              "default": true
            }
          ],
          "store_path": "/nix/store/2a5rg88c4kc4mzjbbyah89c2hhyzjjp6-cargo-1.89.0"
        },
        "x86_64-linux": {
          "outputs": [
            {
              "name": "out",
              "path": "/nix/store/xq6ns6hdgl7fdshisp5mb65f1jlysm0h-cargo-1.89.0",
              "default": true
            }
          ],
          "store_path": "/nix/store/xq6ns6hdgl7fdshisp5mb65f1jlysm0h-cargo-1.89.0"
        }
      }
    },
    "github:NixOS/nixpkgs/nixpkgs-unstable": {
      "last_modified": "2025-08-21T00:30:53Z",
      "resolved": "github:NixOS/nixpkgs/596312aae91421d6923f18cecce934a7d3bfd6b8?lastModified=1755736253&narHash=sha256-jlIQRypNhB1PcB1BE%2BexpE4xZeJxzoAGr1iUbHQta8s%3D"
    },
    "python@3.14": {
      "last_modified": "2025-07-28T17:09:23Z",
      "plugin_version": "0.0.4",
      "resolved": "github:NixOS/nixpkgs/648f70160c03151bc2121d179291337ad6bc564b#python314",
      "source": "devbox-search",
      "version": "3.14.0rc1",
      "systems": {
        "aarch64-darwin": {
          "outputs": [
            {
              "name": "out",
              "path": "/nix/store/lfjgfipyyiaj3147b2m4w3a55x5zd8wm-python3-3.14.0rc1",
              "default": true
            }
          ],
          "store_path": "/nix/store/lfjgfipyyiaj3147b2m4w3a55x5zd8wm-python3-3.14.0rc1"
        },
        "aarch64-linux": {
          "outputs": [
            {
              "name": "out",
              "path": "/nix/store/81xgd4jyybw47zpcqzdvk292y19nfmqq-python3-3.14.0rc1",
              "default": true
            },
            {
              "name": "debug",
              "path": "/nix/store/g4fibxpsgi6x1pddv1ixfaial519m13k-python3-3.14.0rc1-debug"
            }
          ],
          "store_path": "/nix/store/81xgd4jyybw47zpcqzdvk292y19nfmqq-python3-3.14.0rc1"
        },
        "x86_64-darwin": {
          "outputs": [
            {
              "name": "out",
              "path": "/nix/store/40f4an8xd6dkm71znmxx8msiyxd2h4b1-python3-3.14.0rc1",
              "default": true
            }
          ],
          "store_path": "/nix/store/40f4an8xd6dkm71znmxx8msiyxd2h4b1-python3-3.14.0rc1"
        },
        "x86_64-linux": {
          "outputs": [
            {
              "name": "out",
              "path": "/nix/store/xx9604kfnk5kjbviri7g5irnihpl5h9q-python3-3.14.0rc1",
              "default": true
            },
            {
              "name": "debug",
              "path": "/nix/store/cx69lz4jw6lh0v3n0j4imkiggzb1q7cg-python3-3.14.0rc1-debug"
            }
          ],
          "store_path": "/nix/store/xx9604kfnk5kjbviri7g5irnihpl5h9q-python3-3.14.0rc1"
        }
      }
    },
    "rustup@1.28.2": {
      "last_modified": "2025-07-28T17:09:23Z",
      "plugin_version": "0.0.1",
      "resolved": "github:NixOS/nixpkgs/648f70160c03151bc2121d179291337ad6bc564b#rustup",
      "source": "devbox-search",
      "version": "1.28.2",
      "systems": {
        "aarch64-darwin": {
          "outputs": [
            {
              "name": "out",
              "path": "/nix/store/fhz4c3pawxqklssimadm9gp5jfagfl8v-rustup-1.28.2",
              "default": true
            }
          ],
          "store_path": "/nix/store/fhz4c3pawxqklssimadm9gp5jfagfl8v-rustup-1.28.2"
        },
        "aarch64-linux": {
          "outputs": [
            {
              "name": "out",
              "path": "/nix/store/0z156naqlk96m681ns9jji0pw4vwqxq9-rustup-1.28.2",
              "default": true
            }
          ],
          "store_path": "/nix/store/0z156naqlk96m681ns9jji0pw4vwqxq9-rustup-1.28.2"
        },
        "x86_64-darwin": {
          "outputs": [
            {
              "name": "out",
              "path": "/nix/store/2zgwgadb3q97mcia0w2z643y17ifpjkz-rustup-1.28.2",
              "default": true
            }
          ],
          "store_path": "/nix/store/2zgwgadb3q97mcia0w2z643y17ifpjkz-rustup-1.28.2"
        },
        "x86_64-linux": {
          "outputs": [
            {
              "name": "out",
              "path": "/nix/store/4z7n3dky3wmx7130rid6c67ra1ipqhn1-rustup-1.28.2",
              "default": true
            }
          ],
          "store_path": "/nix/store/4z7n3dky3wmx7130rid6c67ra1ipqhn1-rustup-1.28.2"
        }
      }
    },
    "uv@0.8.14": {
      "last_modified": "2025-09-18T16:33:27Z",
      "resolved": "github:NixOS/nixpkgs/f4b140d5b253f5e2a1ff4e5506edbf8267724bde#uv",
      "source": "devbox-search",
      "version": "0.8.14",
      "systems": {
        "aarch64-darwin": {
          "outputs": [
            {
              "name": "out",
              "path": "/nix/store/jvsjlmb0h8kfflmr1fjqaqvv8znp99pr-uv-0.8.14",
              "default": true
            }
          ],
          "store_path": "/nix/store/jvsjlmb0h8kfflmr1fjqaqvv8znp99pr-uv-0.8.14"
        },
        "aarch64-linux": {
          "outputs": [
            {
              "name": "out",
              "path": "/nix/store/3yyvvd9k79im73nsafnrqqadi7ln7lgd-uv-0.8.14",
              "default": true
            }
          ],
          "store_path": "/nix/store/3yyvvd9k79im73nsafnrqqadi7ln7lgd-uv-0.8.14"
        },
        "x86_64-darwin": {
          "outputs": [
            {
              "name": "out",
              "path": "/nix/store/lsl4wjgvsfvka6dm0lirlgpfks3r9937-uv-0.8.14",
              "default": true
            }
          ],
          "store_path": "/nix/store/lsl4wjgvsfvka6dm0lirlgpfks3r9937-uv-0.8.14"
        },
        "x86_64-linux": {
          "outputs": [
            {
              "name": "out",
              "path": "/nix/store/d4klvr31w9qc9qpypwaxmz6f9xy3339y-uv-0.8.14",
              "default": true
            }
          ],
          "store_path": "/nix/store/d4klvr31w9qc9qpypwaxmz6f9xy3339y-uv-0.8.14"
        }
      }
    },
    "wac-cli@latest": {
      "last_modified": "2025-07-28T17:09:23Z",
      "resolved": "github:NixOS/nixpkgs/648f70160c03151bc2121d179291337ad6bc564b#wac-cli",
      "source": "devbox-search",
      "systems": {
        "aarch64-darwin": {
          "outputs": [
            {
              "name": "out",
              "path": "/nix/store/lma35vsamm1kyy1bqz8dhwmfsypy3gsj-wac-cli",
              "default": true
            }
          ],
          "store_path": "/nix/store/lma35vsamm1kyy1bqz8dhwmfsypy3gsj-wac-cli"
        },
        "aarch64-linux": {
          "outputs": [
            {
              "name": "out",
              "path": "/nix/store/s6hmh9rr62al9fy607im590v1zc0b35n-wac-cli",
              "default": true
            }
          ],
          "store_path": "/nix/store/s6hmh9rr62al9fy607im590v1zc0b35n-wac-cli"
        },
        "x86_64-darwin": {
          "outputs": [
            {
              "name": "out",
              "path": "/nix/store/b9ybdi7xwv288686nayjm3dh1qy2v4m6-wac-cli",
              "default": true
            }
          ],
          "store_path": "/nix/store/b9ybdi7xwv288686nayjm3dh1qy2v4m6-wac-cli"
        },
        "x86_64-linux": {
          "outputs": [
            {
              "name": "out",
              "path": "/nix/store/rdqlg3nsn38l4jc4aac22rpf30ygcqqb-wac-cli",
              "default": true
            }
          ],
          "store_path": "/nix/store/rdqlg3nsn38l4jc4aac22rpf30ygcqqb-wac-cli"
        }
      }
    },
    "wasm-tools@1.239.0": {
      "last_modified": "2025-09-18T16:33:27Z",
      "resolved": "github:NixOS/nixpkgs/f4b140d5b253f5e2a1ff4e5506edbf8267724bde#wasm-tools",
      "source": "devbox-search",
      "version": "1.239.0",
      "systems": {
        "aarch64-darwin": {
          "outputs": [
            {
              "name": "out",
              "path": "/nix/store/k8rpqlwr71x0v7ma3yvdgh8vgjlmrpkk-wasm-tools-1.239.0",
              "default": true
            }
          ],
          "store_path": "/nix/store/k8rpqlwr71x0v7ma3yvdgh8vgjlmrpkk-wasm-tools-1.239.0"
        },
        "aarch64-linux": {
          "outputs": [
            {
              "name": "out",
              "path": "/nix/store/4vd573xcvbcbrd5k6yxdwq3z9gkbn5nr-wasm-tools-1.239.0",
              "default": true
            }
          ],
          "store_path": "/nix/store/4vd573xcvbcbrd5k6yxdwq3z9gkbn5nr-wasm-tools-1.239.0"
        },
        "x86_64-darwin": {
          "outputs": [
            {
              "name": "out",
              "path": "/nix/store/h5hlkiskhjls98216rs08c0r2mrnhbhr-wasm-tools-1.239.0",
              "default": true
            }
          ],
          "store_path": "/nix/store/h5hlkiskhjls98216rs08c0r2mrnhbhr-wasm-tools-1.239.0"
        },
        "x86_64-linux": {
          "outputs": [
            {
              "name": "out",
              "path": "/nix/store/0avy48vzz3p2i9gm29y5279hr8rkjnsq-wasm-tools-1.239.0",
              "default": true
            }
          ],
          "store_path": "/nix/store/0avy48vzz3p2i9gm29y5279hr8rkjnsq-wasm-tools-1.239.0"
        }
      }
    },
    "wasmtime@37.0.2": {
      "last_modified": "2025-10-12T08:13:11Z",
      "resolved": "github:NixOS/nixpkgs/832e3b6db48508ae436c2c7bfc0cf914eac6938e#wasmtime",
      "source": "devbox-search",
      "version": "37.0.2",
      "systems": {
        "aarch64-darwin": {
          "outputs": [
            {
              "name": "out",
              "path": "/nix/store/127gnjwgm0mnhcq6pfy8h5g2iild53fs-wasmtime-37.0.2",
              "default": true
            },
            {
              "name": "dev",
              "path": "/nix/store/bvf5q4vrs15mpwpd9f78ggjznwlxhmzb-wasmtime-37.0.2-dev"
            },
            {
              "name": "lib",
              "path": "/nix/store/8kk60c8gyhl41zbzdr4k14aqqs2s7lfb-wasmtime-37.0.2-lib"
            }
          ],
          "store_path": "/nix/store/127gnjwgm0mnhcq6pfy8h5g2iild53fs-wasmtime-37.0.2"
        },
        "aarch64-linux": {
          "outputs": [
            {
              "name": "out",
              "path": "/nix/store/xmv8lwfslal4n8q0dghkdwwvk3pj3cwy-wasmtime-37.0.2",
              "default": true
            },
            {
              "name": "dev",
              "path": "/nix/store/vrmlqmij3dwxvjnlmhaa9qpvl30qds7f-wasmtime-37.0.2-dev"
            },
            {
              "name": "lib",
              "path": "/nix/store/0wkm7fpqcxbx461l25hpj1bd4082s5fn-wasmtime-37.0.2-lib"
            }
          ],
          "store_path": "/nix/store/xmv8lwfslal4n8q0dghkdwwvk3pj3cwy-wasmtime-37.0.2"
        },
        "x86_64-darwin": {
          "outputs": [
            {
              "name": "out",
              "path": "/nix/store/083higppnkl2wjhynmry87rlfwp7kgqs-wasmtime-37.0.2",
              "default": true
            },
            {
              "name": "dev",
              "path": "/nix/store/1hc63snwhira51pkyaw4cvdqirj41qqg-wasmtime-37.0.2-dev"
            },
            {
              "name": "lib",
              "path": "/nix/store/0yivs603r2720549px9p45sfcs47qrly-wasmtime-37.0.2-lib"
            }
          ],
          "store_path": "/nix/store/083higppnkl2wjhynmry87rlfwp7kgqs-wasmtime-37.0.2"
        },
        "x86_64-linux": {
          "outputs": [
            {
              "name": "out",
              "path": "/nix/store/h14c8c9sjd2rbrv8rwpallk8rw4hfizb-wasmtime-37.0.2",
              "default": true
            },
            {
              "name": "dev",
              "path": "/nix/store/14hxq90ax4bg9afswym3265mjr19nxf4-wasmtime-37.0.2-dev"
            },
            {
              "name": "lib",
              "path": "/nix/store/ynzq1dbjhkigzzqii7hknd698d6r6gcm-wasmtime-37.0.2-lib"
            }
          ],
          "store_path": "/nix/store/h14c8c9sjd2rbrv8rwpallk8rw4hfizb-wasmtime-37.0.2"
        }
      }
    }
  }
}
