{
  "lockfile_version": "1",
  "packages": {
    "cargo-component@0.21.1": {
      "last_modified": "2025-09-18T16:33:27Z",
      "resolved": "github:NixOS/nixpkgs/f4b140d5b253f5e2a1ff4e5506edbf8267724bde#cargo-component",
      "source": "devbox-search",
      "version": "0.21.1",
      "systems": {
        "aarch64-darwin": {
          "outputs": [
            {
              "name": "out",
              "path": "/nix/store/ylvr1p8bl800h4n99qk205xjjgsk9ig7-cargo-component-0.21.1",
              "default": true
            }
          ],
          "store_path": "/nix/store/ylvr1p8bl800h4n99qk205xjjgsk9ig7-cargo-component-0.21.1"
        },
        "aarch64-linux": {
          "outputs": [
            {
              "name": "out",
              "path": "/nix/store/0qb1dbribzalsm1g5glyzqlwg8mypglk-cargo-component-0.21.1",
              "default": true
            }
          ],
          "store_path": "/nix/store/0qb1dbribzalsm1g5glyzqlwg8mypglk-cargo-component-0.21.1"
        },
        "x86_64-darwin": {
          "outputs": [
            {
              "name": "out",
              "path": "/nix/store/fkzf2pc7dfvfh1205fghjfyp5dy4pslj-cargo-component-0.21.1",
              "default": true
            }
          ],
          "store_path": "/nix/store/fkzf2pc7dfvfh1205fghjfyp5dy4pslj-cargo-component-0.21.1"
        },
        "x86_64-linux": {
          "outputs": [
            {
              "name": "out",
              "path": "/nix/store/rq90l1y400492agwsx4s3yjk1jzhc9d7-cargo-component-0.21.1",
              "default": true
            }
          ],
          "store_path": "/nix/store/rq90l1y400492agwsx4s3yjk1jzhc9d7-cargo-component-0.21.1"
        }
      }
    },
    "cargo@1.97.1": {
      "last_modified": "2026-08-27T07:16:00Z",
      "resolved": "github:NixOS/nixpkgs/c27cdad491a991b11ed731760aa2ef8db0cb0410#cargo",
      "source": "devbox-search",
      "version": "1.97.1",
      "systems": {
        "aarch64-darwin": {
          "outputs": [
            {
              "name": "out",
              "path": "/nix/store/cvd2pzmgq4pr7kkzx2zmya47fqd70sqa-cargo-1.97.1",
              "default": true
            }
          ],
          "store_path": "/nix/store/cvd2pzmgq4pr7kkzx2zmya47fqd70sqa-cargo-1.97.1"
        },
        "aarch64-linux": {
          "outputs": [
            {
              "name": "out",
              "path": "/nix/store/z64fp7fjfy9zr3xn7prdidi4gww213d5-cargo-1.97.1",
              "default": true
            }
          ],
          "store_path": "/nix/store/z64fp7fjfy9zr3xn7prdidi4gww213d5-cargo-1.97.1"
        },
        "x86_64-linux": {
          "outputs": [
            {
              "name": "out",
              "path": "/nix/store/dv55qwamlq68hdiprg1v104ymwh1c27r-cargo-1.97.1",
              "default": true
            }
          ],
          "store_path": "/nix/store/dv55qwamlq68hdiprg1v104ymwh1c27r-cargo-1.97.1"
        }
      }
    },
    "github:NixOS/nixpkgs/nixpkgs-unstable": {
      "last_modified": "2025-09-25T01:21:52Z",
      "resolved": "github:NixOS/nixpkgs/e57b3b16ad8758fd681511a078f35c416a8cc939?lastModified=1758763312&narHash=sha256-puBMviZhYlqOdUUgEmMVJpXqC%2FToEqSvkyZ30qQ09xM%3D"
    },
    "rustup@1.29.0": {
      "last_modified": "2026-08-27T07:16:00Z",
      "plugin_version": "0.0.1",
      "resolved": "github:NixOS/nixpkgs/c27cdad491a991b11ed731760aa2ef8db0cb0410#rustup",
      "source": "devbox-search",
      "version": "1.29.0",
      "systems": {
        "aarch64-darwin": {
          "outputs": [
            {
              "name": "out",
              "path": "/nix/store/1x8jzaxfv0bak76xkr5li258cal51n99-rustup-1.29.0",
              "default": true
            }
          ],
          "store_path": "/nix/store/1x8jzaxfv0bak76xkr5li258cal51n99-rustup-1.29.0"
        },
        "aarch64-linux": {
          "outputs": [
            {
              "name": "out",
              "path": "/nix/store/iwq43bwclkay14x5x5bfj955ffphaqff-rustup-1.29.0",
              "default": true
            }
          ],
          "store_path": "/nix/store/iwq43bwclkay14x5x5bfj955ffphaqff-rustup-1.29.0"
        },
        "x86_64-darwin": {
          "outputs": [
            {
              "name": "out",
              "path": "/nix/store/lvm2155pfw1b3a9g8cij5g7vx2dk4v9f-rustup-1.29.0",
              "default": true
            }
          ],
          "store_path": "/nix/store/lvm2155pfw1b3a9g8cij5g7vx2dk4v9f-rustup-1.29.0"
        },
        "x86_64-linux": {
          "outputs": [
            {
              "name": "out",
              "path": "/nix/store/cdgc1rh9s22n5i5cgr96vda0pjx1xg3x-rustup-1.29.0",
              "default": true
            }
          ],
          "store_path": "/nix/store/cdgc1rh9s22n5i5cgr96vda0pjx1xg3x-rustup-1.29.0"
        }
      }
    },
    "wash-cli@0.39.0": {
      "last_modified": "2025-09-18T16:33:27Z",
      "resolved": "github:NixOS/nixpkgs/f4b140d5b253f5e2a1ff4e5506edbf8267724bde#wash-cli",
      "source": "devbox-search",
      "version": "0.39.0",
      "systems": {
        "aarch64-darwin": {
          "outputs": [
            {
              "name": "out",
              "path": "/nix/store/zpvim7gy9jin0fv2kch0ahgi2ynnjxs1-wash-cli-0.39.0",
              "default": true
            }
          ],
          "store_path": "/nix/store/zpvim7gy9jin0fv2kch0ahgi2ynnjxs1-wash-cli-0.39.0"
        },
        "aarch64-linux": {
          "outputs": [
            {
              "name": "out",
              "path": "/nix/store/x06f183hqq1wq4yviqfvzp47mz3ci39w-wash-cli-0.39.0",
              "default": true
            }
          ],
          "store_path": "/nix/store/x06f183hqq1wq4yviqfvzp47mz3ci39w-wash-cli-0.39.0"
        },
        "x86_64-darwin": {
          "outputs": [
            {
              "name": "out",
              "path": "/nix/store/7knn1a73aq8vypj7brxv592xjj1j9mx7-wash-cli-0.39.0",
              "default": true
            }
          ],
          "store_path": "/nix/store/7knn1a73aq8vypj7brxv592xjj1j9mx7-wash-cli-0.39.0"
        },
        "x86_64-linux": {
          "outputs": [
            {
              "name": "out",
              "path": "/nix/store/zbj27dla2l042x1gcmbwbdnnnmr4amb5-wash-cli-0.39.0",
              "default": true
            }
          ],
          "store_path": "/nix/store/zbj27dla2l042x1gcmbwbdnnnmr4amb5-wash-cli-0.39.0"
        }
      }
    },
    "wasm-tools@1.256.0": {
      "last_modified": "2026-08-27T07:16:00Z",
      "resolved": "github:NixOS/nixpkgs/c27cdad491a991b11ed731760aa2ef8db0cb0410#wasm-tools",
      "source": "devbox-search",
      "version": "1.256.0",
      "systems": {
        "aarch64-darwin": {
          "outputs": [
            {
              "name": "out",
              "path": "/nix/store/z8imdpdl6n4h3dlba10vcjcfkxby209q-wasm-tools-1.256.0",
              "default": true
            }
          ],
          "store_path": "/nix/store/z8imdpdl6n4h3dlba10vcjcfkxby209q-wasm-tools-1.256.0"
        },
        "aarch64-linux": {
          "outputs": [
            {
              "name": "out",
              "path": "/nix/store/893acbm4wrx41s46wkr4bl55zl0xhv5y-wasm-tools-1.256.0",
              "default": true
            }
          ],
          "store_path": "/nix/store/893acbm4wrx41s46wkr4bl55zl0xhv5y-wasm-tools-1.256.0"
        },
        "x86_64-linux": {
          "outputs": [
            {
              "name": "out",
              "path": "/nix/store/lidqja85gc4sak9bg9kk70rjph0n03m7-wasm-tools-1.256.0",
              "default": true
            }
          ],
          "store_path": "/nix/store/lidqja85gc4sak9bg9kk70rjph0n03m7-wasm-tools-1.256.0"
        }
      }
    },
    "wkg@0.15.1": {
      "last_modified": "2026-08-27T07:16:00Z",
      "resolved": "github:NixOS/nixpkgs/c27cdad491a991b11ed731760aa2ef8db0cb0410#wkg",
      "source": "devbox-search",
      "version": "0.15.1",
      "systems": {
        "aarch64-darwin": {
          "outputs": [
            {
              "name": "out",
              "path": "/nix/store/1zbd328287navay5bqjjn983nxy3n2y6-wkg-0.15.1",
              "default": true
            }
          ],
          "store_path": "/nix/store/1zbd328287navay5bqjjn983nxy3n2y6-wkg-0.15.1"
        },
        "aarch64-linux": {
          "outputs": [
            {
              "name": "out",
              "path": "/nix/store/ifn0mskdc23bipq7lqs6yd0s4j8zb2q3-wkg-0.15.1",
              "default": true
            }
          ],
          "store_path": "/nix/store/ifn0mskdc23bipq7lqs6yd0s4j8zb2q3-wkg-0.15.1"
        },
        "x86_64-darwin": {
          "outputs": [
            {
              "name": "out",
              "path": "/nix/store/v0mc09c39xmh3qvsivkz4axfszfn9pyg-wkg-0.15.1",
              "default": true
            }
          ],
          "store_path": "/nix/store/v0mc09c39xmh3qvsivkz4axfszfn9pyg-wkg-0.15.1"
        },
        "x86_64-linux": {
          "outputs": [
            {
              "name": "out",
              "path": "/nix/store/5yz63xrjqrpp0ah6hk3nh9j6zv8zynh6-wkg-0.15.1",
              "default": true
            }
          ],
          "store_path": "/nix/store/5yz63xrjqrpp0ah6hk3nh9j6zv8zynh6-wkg-0.15.1"
        }
      }
    }
  }
}
