{
  "lockfile_version": "1",
  "packages": {
    "github:NixOS/nixpkgs/nixpkgs-unstable": {
      "last_modified": "2025-08-21T00:30:53Z",
      "resolved": "github:NixOS/nixpkgs/596312aae91421d6923f18cecce934a7d3bfd6b8?lastModified=1755736253&narHash=sha256-jlIQRypNhB1PcB1BE%2BexpE4xZeJxzoAGr1iUbHQta8s%3D"
    },
    "k3d@5.8.3": {
      "last_modified": "2025-07-28T17:09:23Z",
      "resolved": "github:NixOS/nixpkgs/648f70160c03151bc2121d179291337ad6bc564b#k3d",
      "source": "devbox-search",
      "version": "5.8.3",
      "systems": {
        "aarch64-darwin": {
          "outputs": [
            {
              "name": "out",
              "path": "/nix/store/kch2dj9qsrfamxazq8i14wl38ygwhkhk-k3d-5.8.3",
              "default": true
            }
          ],
          "store_path": "/nix/store/kch2dj9qsrfamxazq8i14wl38ygwhkhk-k3d-5.8.3"
        },
        "aarch64-linux": {
          "outputs": [
            {
              "name": "out",
              "path": "/nix/store/zk0k2j55x88asnvb7m68dsw67hmcgir2-k3d-5.8.3",
              "default": true
            }
          ],
          "store_path": "/nix/store/zk0k2j55x88asnvb7m68dsw67hmcgir2-k3d-5.8.3"
        },
        "x86_64-darwin": {
          "outputs": [
            {
              "name": "out",
              "path": "/nix/store/ama831lzxzr46j47wmijip2zvxrf8sgz-k3d-5.8.3",
              "default": true
            }
          ],
          "store_path": "/nix/store/ama831lzxzr46j47wmijip2zvxrf8sgz-k3d-5.8.3"
        },
        "x86_64-linux": {
          "outputs": [
            {
              "name": "out",
              "path": "/nix/store/5wcjhb072wmnv7zyr162x65j102zgckv-k3d-5.8.3",
              "default": true
            }
          ],
          "store_path": "/nix/store/5wcjhb072wmnv7zyr162x65j102zgckv-k3d-5.8.3"
        }
      }
    },
    "kubectl@1.33.4": {
      "last_modified": "2025-09-18T16:33:27Z",
      "resolved": "github:NixOS/nixpkgs/f4b140d5b253f5e2a1ff4e5506edbf8267724bde#kubectl",
      "source": "devbox-search",
      "version": "1.33.4",
      "systems": {
        "aarch64-darwin": {
          "outputs": [
            {
              "name": "out",
              "path": "/nix/store/l9qa55xhnsif5bd8jc558pl2kraiwisx-kubectl-1.33.4",
              "default": true
            },
            {
              "name": "man",
              "path": "/nix/store/1ax04d2wdfp63df3gbjdsq523ql895yc-kubectl-1.33.4-man",
              "default": true
            },
            {
              "name": "convert",
              "path": "/nix/store/p7xb87g2vz00n97fhaaqwr9jdvcp5647-kubectl-1.33.4-convert"
            }
          ],
          "store_path": "/nix/store/l9qa55xhnsif5bd8jc558pl2kraiwisx-kubectl-1.33.4"
        },
        "aarch64-linux": {
          "outputs": [
            {
              "name": "out",
              "path": "/nix/store/a95sq4yvhbrh4njn49glnp2xmbd3k3q1-kubectl-1.33.4",
              "default": true
            },
            {
              "name": "man",
              "path": "/nix/store/5jnghhpmiympxr759s1pqbksg3gld6d8-kubectl-1.33.4-man",
              "default": true
            },
            {
              "name": "convert",
              "path": "/nix/store/5sxzhci6fxn8jv3x9xkab1jdb43ynpzr-kubectl-1.33.4-convert"
            }
          ],
          "store_path": "/nix/store/a95sq4yvhbrh4njn49glnp2xmbd3k3q1-kubectl-1.33.4"
        },
        "x86_64-darwin": {
          "outputs": [
            {
              "name": "out",
              "path": "/nix/store/417lxr3l5cy3m86iywhhrkbkx2j9y1xk-kubectl-1.33.4",
              "default": true
            },
            {
              "name": "man",
              "path": "/nix/store/q5gf3an5cmfzyl2wqw21ll01yfmjxm0j-kubectl-1.33.4-man",
              "default": true
            },
            {
              "name": "convert",
              "path": "/nix/store/2kfp817d37kbsrjh48f8l26hmf12b97z-kubectl-1.33.4-convert"
            }
          ],
          "store_path": "/nix/store/417lxr3l5cy3m86iywhhrkbkx2j9y1xk-kubectl-1.33.4"
        },
        "x86_64-linux": {
          "outputs": [
            {
              "name": "out",
              "path": "/nix/store/abp5rhv8vnij5k08m5id75vdq4nnkqqq-kubectl-1.33.4",
              "default": true
            },
            {
              "name": "man",
              "path": "/nix/store/75afy3w5985pck1f7bvwwq7gzawf9i9c-kubectl-1.33.4-man",
              "default": true
            },
            {
              "name": "convert",
              "path": "/nix/store/1yhls3wrancjn52md7552kyalbh7dd5b-kubectl-1.33.4-convert"
            }
          ],
          "store_path": "/nix/store/abp5rhv8vnij5k08m5id75vdq4nnkqqq-kubectl-1.33.4"
        }
      }
    },
    "kubernetes-helm@3.19.0": {
      "last_modified": "2025-09-18T16:33:27Z",
      "resolved": "github:NixOS/nixpkgs/f4b140d5b253f5e2a1ff4e5506edbf8267724bde#kubernetes-helm",
      "source": "devbox-search",
      "version": "3.19.0",
      "systems": {
        "aarch64-darwin": {
          "outputs": [
            {
              "name": "out",
              "path": "/nix/store/8irl5599sb6a89qqa9y3mb8j4d2h2vm2-kubernetes-helm-3.19.0",
              "default": true
            }
          ],
          "store_path": "/nix/store/8irl5599sb6a89qqa9y3mb8j4d2h2vm2-kubernetes-helm-3.19.0"
        },
        "aarch64-linux": {
          "outputs": [
            {
              "name": "out",
              "path": "/nix/store/xqrwcjbk1mkp72y9gdqk0h770s7jfqwy-kubernetes-helm-3.19.0",
              "default": true
            }
          ],
          "store_path": "/nix/store/xqrwcjbk1mkp72y9gdqk0h770s7jfqwy-kubernetes-helm-3.19.0"
        },
        "x86_64-darwin": {
          "outputs": [
            {
              "name": "out",
              "path": "/nix/store/5k9n5ifg8j39wqgidmihxcw3jn03hr6x-kubernetes-helm-3.19.0",
              "default": true
            }
          ],
          "store_path": "/nix/store/5k9n5ifg8j39wqgidmihxcw3jn03hr6x-kubernetes-helm-3.19.0"
        },
        "x86_64-linux": {
          "outputs": [
            {
              "name": "out",
              "path": "/nix/store/xhdxsw1rkwpj4j1c020r9bii97n9d624-kubernetes-helm-3.19.0",
              "default": true
            }
          ],
          "store_path": "/nix/store/xhdxsw1rkwpj4j1c020r9bii97n9d624-kubernetes-helm-3.19.0"
        }
      }
    },
    "wash-cli@0.39.0": {
      "last_modified": "2025-07-28T17:09:23Z",
      "resolved": "github:NixOS/nixpkgs/648f70160c03151bc2121d179291337ad6bc564b#wash-cli",
      "source": "devbox-search",
      "version": "0.39.0",
      "systems": {
        "aarch64-darwin": {
          "outputs": [
            {
              "name": "out",
              "path": "/nix/store/3dw9s8j96qmk9242nv4sw5lr8b9h2d1n-wash-cli-0.39.0",
              "default": true
            }
          ],
          "store_path": "/nix/store/3dw9s8j96qmk9242nv4sw5lr8b9h2d1n-wash-cli-0.39.0"
        },
        "aarch64-linux": {
          "outputs": [
            {
              "name": "out",
              "path": "/nix/store/hcaw9yvxqysj97lp15fqlwkxjmbnhg18-wash-cli-0.39.0",
              "default": true
            }
          ],
          "store_path": "/nix/store/hcaw9yvxqysj97lp15fqlwkxjmbnhg18-wash-cli-0.39.0"
        },
        "x86_64-darwin": {
          "outputs": [
            {
              "name": "out",
              "path": "/nix/store/l18hizk9rb9ygp8hjphwcpklsmgq0zp2-wash-cli-0.39.0",
              "default": true
            }
          ],
          "store_path": "/nix/store/l18hizk9rb9ygp8hjphwcpklsmgq0zp2-wash-cli-0.39.0"
        },
        "x86_64-linux": {
          "outputs": [
            {
              "name": "out",
              "path": "/nix/store/5yaspvga295vcdrcyvl04aldf5m46v56-wash-cli-0.39.0",
              "default": true
            }
          ],
          "store_path": "/nix/store/5yaspvga295vcdrcyvl04aldf5m46v56-wash-cli-0.39.0"
        }
      }
    }
  }
}
