{
  "lockfile_version": "1",
  "packages": {
    "github:NixOS/nixpkgs/nixpkgs-unstable": {
      "last_modified": "2025-08-21T00:30:53Z",
      "resolved": "github:NixOS/nixpkgs/596312aae91421d6923f18cecce934a7d3bfd6b8?lastModified=1755736253&narHash=sha256-jlIQRypNhB1PcB1BE%2BexpE4xZeJxzoAGr1iUbHQta8s%3D"
    },
    "k3d@5.9.0": {
      "last_modified": "2026-08-27T07:16:00Z",
      "resolved": "github:NixOS/nixpkgs/c27cdad491a991b11ed731760aa2ef8db0cb0410#k3d",
      "source": "devbox-search",
      "version": "5.9.0",
      "systems": {
        "aarch64-darwin": {
          "outputs": [
            {
              "name": "out",
              "path": "/nix/store/s7lyvs2lm3xhshdhinp4q7mq337sipl7-k3d-5.9.0",
              "default": true
            }
          ],
          "store_path": "/nix/store/s7lyvs2lm3xhshdhinp4q7mq337sipl7-k3d-5.9.0"
        },
        "aarch64-linux": {
          "outputs": [
            {
              "name": "out",
              "path": "/nix/store/a8a9xx891l0nwccs4d6mfv9hy07mdg0d-k3d-5.9.0",
              "default": true
            }
          ],
          "store_path": "/nix/store/a8a9xx891l0nwccs4d6mfv9hy07mdg0d-k3d-5.9.0"
        },
        "x86_64-darwin": {
          "outputs": [
            {
              "name": "out",
              "path": "/nix/store/793sqkcy2h7wmxyvv9llz4vx166s3qdf-k3d-5.9.0",
              "default": true
            }
          ],
          "store_path": "/nix/store/793sqkcy2h7wmxyvv9llz4vx166s3qdf-k3d-5.9.0"
        },
        "x86_64-linux": {
          "outputs": [
            {
              "name": "out",
              "path": "/nix/store/xp6zq6z2vr1xqm7ib06d2p9hr48klv9w-k3d-5.9.0",
              "default": true
            }
          ],
          "store_path": "/nix/store/xp6zq6z2vr1xqm7ib06d2p9hr48klv9w-k3d-5.9.0"
        }
      }
    },
    "kubectl@1.36.3": {
      "last_modified": "2026-08-27T07:16:00Z",
      "resolved": "github:NixOS/nixpkgs/c27cdad491a991b11ed731760aa2ef8db0cb0410#kubectl",
      "source": "devbox-search",
      "version": "1.36.3",
      "systems": {
        "aarch64-darwin": {
          "outputs": [
            {
              "name": "out",
              "path": "/nix/store/4ly3f60sf2y8lx4ad4nlv4d4xzm49cai-kubectl-1.36.3",
              "default": true
            },
            {
              "name": "man",
              "path": "/nix/store/j4lcjil024kv6xli1y03whn4rv1x1ifv-kubectl-1.36.3-man",
              "default": true
            },
            {
              "name": "convert",
              "path": "/nix/store/rq7cbnikbk7khmqczsglknfhfgykwkbf-kubectl-1.36.3-convert"
            }
          ],
          "store_path": "/nix/store/4ly3f60sf2y8lx4ad4nlv4d4xzm49cai-kubectl-1.36.3"
        },
        "aarch64-linux": {
          "outputs": [
            {
              "name": "out",
              "path": "/nix/store/pxr2n9hcw5r5c9pbyqhangbwvc3yv8yw-kubectl-1.36.3",
              "default": true
            },
            {
              "name": "man",
              "path": "/nix/store/n9ya3i139xw7jcb3x44b1lmwswilfwxk-kubectl-1.36.3-man",
              "default": true
            },
            {
              "name": "convert",
              "path": "/nix/store/6xj3wx8zkh4nj0dfg14v6cmbpaxqrzz7-kubectl-1.36.3-convert"
            }
          ],
          "store_path": "/nix/store/pxr2n9hcw5r5c9pbyqhangbwvc3yv8yw-kubectl-1.36.3"
        },
        "x86_64-linux": {
          "outputs": [
            {
              "name": "out",
              "path": "/nix/store/s28gqkd497rb4bvm56w72jyarqgmhlzz-kubectl-1.36.3",
              "default": true
            },
            {
              "name": "man",
              "path": "/nix/store/kxhnlzm663cpz4pbd7wkq4n73578ak4z-kubectl-1.36.3-man",
              "default": true
            },
            {
              "name": "convert",
              "path": "/nix/store/szx0vjljdh6rp8nxwdnpkz7g4fvvnk9h-kubectl-1.36.3-convert"
            }
          ],
          "store_path": "/nix/store/s28gqkd497rb4bvm56w72jyarqgmhlzz-kubectl-1.36.3"
        }
      }
    },
    "kubernetes-helm@3.20.2": {
      "last_modified": "2026-05-21T08:15:18Z",
      "resolved": "github:NixOS/nixpkgs/4a29d733e8a7d5b824c3d8c958a946a9867b3eb2#kubernetes-helm",
      "source": "devbox-search",
      "version": "3.20.2",
      "systems": {
        "aarch64-darwin": {
          "outputs": [
            {
              "name": "out",
              "path": "/nix/store/gkrsgz343hdglwf80sd6bm03lsg6x4kr-kubernetes-helm-3.20.2",
              "default": true
            }
          ],
          "store_path": "/nix/store/gkrsgz343hdglwf80sd6bm03lsg6x4kr-kubernetes-helm-3.20.2"
        },
        "aarch64-linux": {
          "outputs": [
            {
              "name": "out",
              "path": "/nix/store/aw83ikfgr397vj9nac8j5vcdpr22hy56-kubernetes-helm-3.20.2",
              "default": true
            }
          ],
          "store_path": "/nix/store/aw83ikfgr397vj9nac8j5vcdpr22hy56-kubernetes-helm-3.20.2"
        },
        "x86_64-darwin": {
          "outputs": [
            {
              "name": "out",
              "path": "/nix/store/hqqx1aqvh7j75p9i89chhs7zdrr3m7nd-kubernetes-helm-3.20.2",
              "default": true
            }
          ],
          "store_path": "/nix/store/hqqx1aqvh7j75p9i89chhs7zdrr3m7nd-kubernetes-helm-3.20.2"
        },
        "x86_64-linux": {
          "outputs": [
            {
              "name": "out",
              "path": "/nix/store/89r6lacw4snczana92k6sm8cxw61iq9k-kubernetes-helm-3.20.2",
              "default": true
            }
          ],
          "store_path": "/nix/store/89r6lacw4snczana92k6sm8cxw61iq9k-kubernetes-helm-3.20.2"
        }
      }
    },
    "natscli@0.4.0": {
      "last_modified": "2026-08-27T07:16:00Z",
      "resolved": "github:NixOS/nixpkgs/c27cdad491a991b11ed731760aa2ef8db0cb0410#natscli",
      "source": "devbox-search",
      "version": "0.4.0",
      "systems": {
        "aarch64-darwin": {
          "outputs": [
            {
              "name": "out",
              "path": "/nix/store/hhc4613hzrlhrwa9410dsyb5l3ncmkyk-natscli-0.4.0",
              "default": true
            }
          ],
          "store_path": "/nix/store/hhc4613hzrlhrwa9410dsyb5l3ncmkyk-natscli-0.4.0"
        },
        "aarch64-linux": {
          "outputs": [
            {
              "name": "out",
              "path": "/nix/store/5dbp1g52kf2ppinb23gbzkggf1m2n4nc-natscli-0.4.0",
              "default": true
            }
          ],
          "store_path": "/nix/store/5dbp1g52kf2ppinb23gbzkggf1m2n4nc-natscli-0.4.0"
        },
        "x86_64-darwin": {
          "outputs": [
            {
              "name": "out",
              "path": "/nix/store/3pbdgwca8bpsqgzcf90fscnzqdpg5sm3-natscli-0.4.0",
              "default": true
            }
          ],
          "store_path": "/nix/store/3pbdgwca8bpsqgzcf90fscnzqdpg5sm3-natscli-0.4.0"
        },
        "x86_64-linux": {
          "outputs": [
            {
              "name": "out",
              "path": "/nix/store/79zm98p7fkl1lfyi5hq0gb52sfiqh31l-natscli-0.4.0",
              "default": true
            }
          ],
          "store_path": "/nix/store/79zm98p7fkl1lfyi5hq0gb52sfiqh31l-natscli-0.4.0"
        }
      }
    },
    "wash-cli@0.39.0": {
      "last_modified": "2025-07-28T17:09:23Z",
      "resolved": "github:NixOS/nixpkgs/648f70160c03151bc2121d179291337ad6bc564b#wash-cli",
      "source": "devbox-search",
      "version": "0.39.0",
      "systems": {
        "aarch64-darwin": {
          "outputs": [
            {
              "name": "out",
              "path": "/nix/store/3dw9s8j96qmk9242nv4sw5lr8b9h2d1n-wash-cli-0.39.0",
              "default": true
            }
          ],
          "store_path": "/nix/store/3dw9s8j96qmk9242nv4sw5lr8b9h2d1n-wash-cli-0.39.0"
        },
        "aarch64-linux": {
          "outputs": [
            {
              "name": "out",
              "path": "/nix/store/hcaw9yvxqysj97lp15fqlwkxjmbnhg18-wash-cli-0.39.0",
              "default": true
            }
          ],
          "store_path": "/nix/store/hcaw9yvxqysj97lp15fqlwkxjmbnhg18-wash-cli-0.39.0"
        },
        "x86_64-darwin": {
          "outputs": [
            {
              "name": "out",
              "path": "/nix/store/l18hizk9rb9ygp8hjphwcpklsmgq0zp2-wash-cli-0.39.0",
              "default": true
            }
          ],
          "store_path": "/nix/store/l18hizk9rb9ygp8hjphwcpklsmgq0zp2-wash-cli-0.39.0"
        },
        "x86_64-linux": {
          "outputs": [
            {
              "name": "out",
              "path": "/nix/store/5yaspvga295vcdrcyvl04aldf5m46v56-wash-cli-0.39.0",
              "default": true
            }
          ],
          "store_path": "/nix/store/5yaspvga295vcdrcyvl04aldf5m46v56-wash-cli-0.39.0"
        }
      }
    }
  }
}
