{
  "lockfile_version": "1",
  "packages": {
    "github:NixOS/nixpkgs/nixpkgs-unstable": {
      "last_modified": "2025-08-21T00:30:53Z",
      "resolved": "github:NixOS/nixpkgs/596312aae91421d6923f18cecce934a7d3bfd6b8?lastModified=1755736253&narHash=sha256-jlIQRypNhB1PcB1BE%2BexpE4xZeJxzoAGr1iUbHQta8s%3D"
    },
    "k3d@5.8.3": {
      "last_modified": "2025-07-28T17:09:23Z",
      "resolved": "github:NixOS/nixpkgs/648f70160c03151bc2121d179291337ad6bc564b#k3d",
      "source": "devbox-search",
      "version": "5.8.3",
      "systems": {
        "aarch64-darwin": {
          "outputs": [
            {
              "name": "out",
              "path": "/nix/store/kch2dj9qsrfamxazq8i14wl38ygwhkhk-k3d-5.8.3",
              "default": true
            }
          ],
          "store_path": "/nix/store/kch2dj9qsrfamxazq8i14wl38ygwhkhk-k3d-5.8.3"
        },
        "aarch64-linux": {
          "outputs": [
            {
              "name": "out",
              "path": "/nix/store/zk0k2j55x88asnvb7m68dsw67hmcgir2-k3d-5.8.3",
              "default": true
            }
          ],
          "store_path": "/nix/store/zk0k2j55x88asnvb7m68dsw67hmcgir2-k3d-5.8.3"
        },
        "x86_64-darwin": {
          "outputs": [
            {
              "name": "out",
              "path": "/nix/store/ama831lzxzr46j47wmijip2zvxrf8sgz-k3d-5.8.3",
              "default": true
            }
          ],
          "store_path": "/nix/store/ama831lzxzr46j47wmijip2zvxrf8sgz-k3d-5.8.3"
        },
        "x86_64-linux": {
          "outputs": [
            {
              "name": "out",
              "path": "/nix/store/5wcjhb072wmnv7zyr162x65j102zgckv-k3d-5.8.3",
              "default": true
            }
          ],
          "store_path": "/nix/store/5wcjhb072wmnv7zyr162x65j102zgckv-k3d-5.8.3"
        }
      }
    },
    "kubectl@1.35.0": {
      "last_modified": "2026-01-09T13:41:53Z",
      "resolved": "github:NixOS/nixpkgs/5f02c91314c8ba4afe83b256b023756412218535#kubectl",
      "source": "devbox-search",
      "version": "1.35.0",
      "systems": {
        "aarch64-darwin": {
          "outputs": [
            {
              "name": "out",
              "path": "/nix/store/1pmn1vxfffzz5mxj3h0ijzpsynq50l5g-kubectl-1.35.0",
              "default": true
            },
            {
              "name": "man",
              "path": "/nix/store/hh6nircg2v5iickmqfyx469f69rj0kag-kubectl-1.35.0-man",
              "default": true
            },
            {
              "name": "convert",
              "path": "/nix/store/z72fbf5mxilrrlsfvdacxbw27k0gszdf-kubectl-1.35.0-convert"
            }
          ],
          "store_path": "/nix/store/1pmn1vxfffzz5mxj3h0ijzpsynq50l5g-kubectl-1.35.0"
        },
        "aarch64-linux": {
          "outputs": [
            {
              "name": "out",
              "path": "/nix/store/fj8rhz380v89c3mq3br9ipislabppj4c-kubectl-1.35.0",
              "default": true
            },
            {
              "name": "man",
              "path": "/nix/store/hawgdz85f9qq9nalyq4nbrjbjw1f3356-kubectl-1.35.0-man",
              "default": true
            },
            {
              "name": "convert",
              "path": "/nix/store/dv5kh8sv8q3kkzcw4lnbkknm2pzxv5ig-kubectl-1.35.0-convert"
            }
          ],
          "store_path": "/nix/store/fj8rhz380v89c3mq3br9ipislabppj4c-kubectl-1.35.0"
        },
        "x86_64-darwin": {
          "outputs": [
            {
              "name": "out",
              "path": "/nix/store/d3gm9hvgbdhin2jh7nd8gwrf90jlmsw7-kubectl-1.35.0",
              "default": true
            },
            {
              "name": "man",
              "path": "/nix/store/za9ay0cna5hcqqmdk0flwinkd882997n-kubectl-1.35.0-man",
              "default": true
            },
            {
              "name": "convert",
              "path": "/nix/store/5r5vrq35nbcp8wgflvwmigvr6iqx85n5-kubectl-1.35.0-convert"
            }
          ],
          "store_path": "/nix/store/d3gm9hvgbdhin2jh7nd8gwrf90jlmsw7-kubectl-1.35.0"
        },
        "x86_64-linux": {
          "outputs": [
            {
              "name": "out",
              "path": "/nix/store/bbnq3nrmlhq0yjfhw84ciscpbr6hsb3b-kubectl-1.35.0",
              "default": true
            },
            {
              "name": "man",
              "path": "/nix/store/mnm7km6ik2x0pfhnylfm06vgxqvc78k0-kubectl-1.35.0-man",
              "default": true
            },
            {
              "name": "convert",
              "path": "/nix/store/c88x5qq16ih9i7iv4zyx81w2zijqzmlf-kubectl-1.35.0-convert"
            }
          ],
          "store_path": "/nix/store/bbnq3nrmlhq0yjfhw84ciscpbr6hsb3b-kubectl-1.35.0"
        }
      }
    },
    "kubernetes-helm@3.19.1": {
      "last_modified": "2025-12-31T03:27:36Z",
      "resolved": "github:NixOS/nixpkgs/f665af0cdb70ed27e1bd8f9fdfecaf451260fc55#kubernetes-helm",
      "source": "devbox-search",
      "version": "3.19.1",
      "systems": {
        "aarch64-darwin": {
          "outputs": [
            {
              "name": "out",
              "path": "/nix/store/8p5hwk87jkd26w6lmj7ma0f5qdi9i7fb-kubernetes-helm-3.19.1",
              "default": true
            }
          ],
          "store_path": "/nix/store/8p5hwk87jkd26w6lmj7ma0f5qdi9i7fb-kubernetes-helm-3.19.1"
        },
        "aarch64-linux": {
          "outputs": [
            {
              "name": "out",
              "path": "/nix/store/z773dqh5w017a1c6jhzlqcnq6ivwwjz9-kubernetes-helm-3.19.1",
              "default": true
            }
          ],
          "store_path": "/nix/store/z773dqh5w017a1c6jhzlqcnq6ivwwjz9-kubernetes-helm-3.19.1"
        },
        "x86_64-darwin": {
          "outputs": [
            {
              "name": "out",
              "path": "/nix/store/m5wzcpj7yfdkv9za53d2hv81m3zxy745-kubernetes-helm-3.19.1",
              "default": true
            }
          ],
          "store_path": "/nix/store/m5wzcpj7yfdkv9za53d2hv81m3zxy745-kubernetes-helm-3.19.1"
        },
        "x86_64-linux": {
          "outputs": [
            {
              "name": "out",
              "path": "/nix/store/rv448bzmz78z9vqvgy92428ybjp0nxzi-kubernetes-helm-3.19.1",
              "default": true
            }
          ],
          "store_path": "/nix/store/rv448bzmz78z9vqvgy92428ybjp0nxzi-kubernetes-helm-3.19.1"
        }
      }
    },
    "natscli@0.3.0": {
      "last_modified": "2025-12-31T03:27:36Z",
      "resolved": "github:NixOS/nixpkgs/f665af0cdb70ed27e1bd8f9fdfecaf451260fc55#natscli",
      "source": "devbox-search",
      "version": "0.3.0",
      "systems": {
        "aarch64-darwin": {
          "outputs": [
            {
              "name": "out",
              "path": "/nix/store/gaisxk9ipvllc1k820lx3ra0wfri7k6b-natscli-0.3.0",
              "default": true
            }
          ],
          "store_path": "/nix/store/gaisxk9ipvllc1k820lx3ra0wfri7k6b-natscli-0.3.0"
        },
        "aarch64-linux": {
          "outputs": [
            {
              "name": "out",
              "path": "/nix/store/45y5pkqwi5hwyszfnm99i7cf7bpzy32r-natscli-0.3.0",
              "default": true
            }
          ],
          "store_path": "/nix/store/45y5pkqwi5hwyszfnm99i7cf7bpzy32r-natscli-0.3.0"
        },
        "x86_64-darwin": {
          "outputs": [
            {
              "name": "out",
              "path": "/nix/store/1a2yv17rrp11l520v068y36hr07var3j-natscli-0.3.0",
              "default": true
            }
          ],
          "store_path": "/nix/store/1a2yv17rrp11l520v068y36hr07var3j-natscli-0.3.0"
        },
        "x86_64-linux": {
          "outputs": [
            {
              "name": "out",
              "path": "/nix/store/4ncgsm5rymv0yx752n5y352kvrgfip9p-natscli-0.3.0",
              "default": true
            }
          ],
          "store_path": "/nix/store/4ncgsm5rymv0yx752n5y352kvrgfip9p-natscli-0.3.0"
        }
      }
    },
    "wash-cli@0.39.0": {
      "last_modified": "2025-07-28T17:09:23Z",
      "resolved": "github:NixOS/nixpkgs/648f70160c03151bc2121d179291337ad6bc564b#wash-cli",
      "source": "devbox-search",
      "version": "0.39.0",
      "systems": {
        "aarch64-darwin": {
          "outputs": [
            {
              "name": "out",
              "path": "/nix/store/3dw9s8j96qmk9242nv4sw5lr8b9h2d1n-wash-cli-0.39.0",
              "default": true
            }
          ],
          "store_path": "/nix/store/3dw9s8j96qmk9242nv4sw5lr8b9h2d1n-wash-cli-0.39.0"
        },
        "aarch64-linux": {
          "outputs": [
            {
              "name": "out",
              "path": "/nix/store/hcaw9yvxqysj97lp15fqlwkxjmbnhg18-wash-cli-0.39.0",
              "default": true
            }
          ],
          "store_path": "/nix/store/hcaw9yvxqysj97lp15fqlwkxjmbnhg18-wash-cli-0.39.0"
        },
        "x86_64-darwin": {
          "outputs": [
            {
              "name": "out",
              "path": "/nix/store/l18hizk9rb9ygp8hjphwcpklsmgq0zp2-wash-cli-0.39.0",
              "default": true
            }
          ],
          "store_path": "/nix/store/l18hizk9rb9ygp8hjphwcpklsmgq0zp2-wash-cli-0.39.0"
        },
        "x86_64-linux": {
          "outputs": [
            {
              "name": "out",
              "path": "/nix/store/5yaspvga295vcdrcyvl04aldf5m46v56-wash-cli-0.39.0",
              "default": true
            }
          ],
          "store_path": "/nix/store/5yaspvga295vcdrcyvl04aldf5m46v56-wash-cli-0.39.0"
        }
      }
    }
  }
}
